
Microsoft Visual Studio Solution File, Format Version 12.00
# Visual Studio 15
VisualStudioVersion = 15.0.28307.1500
MinimumVisualStudioVersion = 10.0.40219.1
Project("{FAE04EC0-301F-11D3-BF4B-00C04F79EFBC}") = "SMA.CSV.Merger", "SMA.CSV.Merger\SMA.CSV.Merger.csproj", "{F062A733-227E-42CC-9856-C459569A0559}"
EndProject
Project("{FAE04EC0-301F-11D3-BF4B-00C04F79EFBC}") = "SMA.CSV.Merger.Gui", "SMA.CSV.Merger.Gui\SMA.CSV.Merger.Gui.csproj", "{EC1E5FC3-90B5-44EE-A281-980994F5A327}"
EndProject
Global
	GlobalSection(SolutionConfigurationPlatforms) = preSolution
		Debug|Any CPU = Debug|Any CPU
	EndGlobalSection
	GlobalSection(ProjectConfigurationPlatforms) = postSolution
		{F062A733-227E-42CC-9856-C459569A0559}.Debug|Any CPU.ActiveCfg = Debug|Any CPU
		{EC1E5FC3-90B5-44EE-A281-980994F5A327}.Debug|Any CPU.ActiveCfg = Debug|Any CPU
		{EC1E5FC3-90B5-44EE-A281-980994F5A327}.Debug|Any CPU.Build.0 = Debug|Any CPU
	EndGlobalSection
	GlobalSection(SolutionProperties) = preSolution
		HideSolutionNode = FALSE
	EndGlobalSection
	GlobalSection(ExtensibilityGlobals) = postSolution
		SolutionGuid = {A2664787-D8AE-4BBA-9F4D-23BB89D6E0D3}
	EndGlobalSection
EndGlobal
